// !$*UTF8*$!
{
	archiveVersion = 1;
	classes = {
	};
	objectVersion = 46;
	objects = {

/* Begin PBXBuildFile section */
		3A5DBA021CD6C67A0037552C /* main.m in Sources */ = {isa = PBXBuildFile; fileRef = 3A5DBA011CD6C67A0037552C /* main.m */; };
		3A5DBA051CD6C67A0037552C /* AppDelegate.m in Sources */ = {isa = PBXBuildFile; fileRef = 3A5DBA041CD6C67A0037552C /* AppDelegate.m */; };
		3A5DBA081CD6C67A0037552C /* MasterViewController.m in Sources */ = {isa = PBXBuildFile; fileRef = 3A5DBA071CD6C67A0037552C /* MasterViewController.m */; };
		3A5DBA0B1CD6C67A0037552C /* BookDetailViewController.m in Sources */ = {isa = PBXBuildFile; fileRef = 3A5DBA0A1CD6C67A0037552C /* BookDetailViewController.m */; };
		3A5DBA0E1CD6C67B0037552C /* Main.storyboard in Resources */ = {isa = PBXBuildFile; fileRef = 3A5DBA0C1CD6C67A0037552C /* Main.storyboard */; };
		3A5DBA101CD6C67B0037552C /* Assets.xcassets in Resources */ = {isa = PBXBuildFile; fileRef = 3A5DBA0F1CD6C67B0037552C /* Assets.xcassets */; };
		3A5DBA131CD6C67B0037552C /* LaunchScreen.storyboard in Resources */ = {isa = PBXBuildFile; fileRef = 3A5DBA111CD6C67B0037552C /* LaunchScreen.storyboard */; };
		3A5DBA1E1CD6C67B0037552C /* SearchBooksTests.m in Sources */ = {isa = PBXBuildFile; fileRef = 3A5DBA1D1CD6C67B0037552C /* SearchBooksTests.m */; };
		3A5DBA291CD6C67B0037552C /* SearchBooksUITests.m in Sources */ = {isa = PBXBuildFile; fileRef = 3A5DBA281CD6C67B0037552C /* SearchBooksUITests.m */; };
		3A5DBA381CD6CC590037552C /* Book.m in Sources */ = {isa = PBXBuildFile; fileRef = 3A5DBA371CD6CC590037552C /* Book.m */; };
		3A5DBA3B1CD6CD670037552C /* GoodReads.m in Sources */ = {isa = PBXBuildFile; fileRef = 3A5DBA3A1CD6CD670037552C /* GoodReads.m */; };
		3A5DBA3E1CD78ED60037552C /* BookParserOperation.m in Sources */ = {isa = PBXBuildFile; fileRef = 3A5DBA3D1CD78ED60037552C /* BookParserOperation.m */; };
/* End PBXBuildFile section */

/* Begin PBXContainerItemProxy section */
		3A5DBA1A1CD6C67B0037552C /* PBXContainerItemProxy */ = {
			isa = PBXContainerItemProxy;
			containerPortal = 3A5DB9F51CD6C67A0037552C /* Project object */;
			proxyType = 1;
			remoteGlobalIDString = 3A5DB9FC1CD6C67A0037552C;
			remoteInfo = SearchBooks;
		};
		3A5DBA251CD6C67B0037552C /* PBXContainerItemProxy */ = {
			isa = PBXContainerItemProxy;
			containerPortal = 3A5DB9F51CD6C67A0037552C /* Project object */;
			proxyType = 1;
			remoteGlobalIDString = 3A5DB9FC1CD6C67A0037552C;
			remoteInfo = SearchBooks;
		};
/* End PBXContainerItemProxy section */

/* Begin PBXFileReference section */
		3A5DB9FD1CD6C67A0037552C /* SearchBooks.app */ = {isa = PBXFileReference; explicitFileType = wrapper.application; includeInIndex = 0; path = SearchBooks.app; sourceTree = BUILT_PRODUCTS_DIR; };
		3A5DBA011CD6C67A0037552C /* main.m */ = {isa = PBXFileReference; lastKnownFileType = sourcecode.c.objc; path = main.m; sourceTree = "<group>"; };
		3A5DBA031CD6C67A0037552C /* AppDelegate.h */ = {isa = PBXFileReference; lastKnownFileType = sourcecode.c.h; path = AppDelegate.h; sourceTree = "<group>"; };
		3A5DBA041CD6C67A0037552C /* AppDelegate.m */ = {isa = PBXFileReference; lastKnownFileType = sourcecode.c.objc; path = AppDelegate.m; sourceTree = "<group>"; };
		3A5DBA061CD6C67A0037552C /* MasterViewController.h */ = {isa = PBXFileReference; lastKnownFileType = sourcecode.c.h; path = MasterViewController.h; sourceTree = "<group>"; };
		3A5DBA071CD6C67A0037552C /* MasterViewController.m */ = {isa = PBXFileReference; lastKnownFileType = sourcecode.c.objc; path = MasterViewController.m; sourceTree = "<group>"; };
		3A5DBA091CD6C67A0037552C /* BookDetailViewController.h */ = {isa = PBXFileReference; lastKnownFileType = sourcecode.c.h; path = BookDetailViewController.h; sourceTree = "<group>"; };
		3A5DBA0A1CD6C67A0037552C /* BookDetailViewController.m */ = {isa = PBXFileReference; lastKnownFileType = sourcecode.c.objc; path = BookDetailViewController.m; sourceTree = "<group>"; };
		3A5DBA0D1CD6C67B0037552C /* Base */ = {isa = PBXFileReference; lastKnownFileType = file.storyboard; name = Base; path = Base.lproj/Main.storyboard; sourceTree = "<group>"; };
		3A5DBA0F1CD6C67B0037552C /* Assets.xcassets */ = {isa = PBXFileReference; lastKnownFileType = folder.assetcatalog; path = Assets.xcassets; sourceTree = "<group>"; };
		3A5DBA121CD6C67B0037552C /* Base */ = {isa = PBXFileReference; lastKnownFileType = file.storyboard; name = Base; path = Base.lproj/LaunchScreen.storyboard; sourceTree = "<group>"; };
		3A5DBA141CD6C67B0037552C /* Info.plist */ = {isa = PBXFileReference; lastKnownFileType = text.plist.xml; path = Info.plist; sourceTree = "<group>"; };
		3A5DBA191CD6C67B0037552C /* SearchBooksTests.xctest */ = {isa = PBXFileReference; explicitFileType = wrapper.cfbundle; includeInIndex = 0; path = SearchBooksTests.xctest; sourceTree = BUILT_PRODUCTS_DIR; };
		3A5DBA1D1CD6C67B0037552C /* SearchBooksTests.m */ = {isa = PBXFileReference; lastKnownFileType = sourcecode.c.objc; path = SearchBooksTests.m; sourceTree = "<group>"; };
		3A5DBA1F1CD6C67B0037552C /* Info.plist */ = {isa = PBXFileReference; lastKnownFileType = text.plist.xml; path = Info.plist; sourceTree = "<group>"; };
		3A5DBA241CD6C67B0037552C /* SearchBooksUITests.xctest */ = {isa = PBXFileReference; explicitFileType = wrapper.cfbundle; includeInIndex = 0; path = SearchBooksUITests.xctest; sourceTree = BUILT_PRODUCTS_DIR; };
		3A5DBA281CD6C67B0037552C /* SearchBooksUITests.m */ = {isa = PBXFileReference; lastKnownFileType = sourcecode.c.objc; path = SearchBooksUITests.m; sourceTree = "<group>"; };
		3A5DBA2A1CD6C67B0037552C /* Info.plist */ = {isa = PBXFileReference; lastKnownFileType = text.plist.xml; path = Info.plist; sourceTree = "<group>"; };
		3A5DBA361CD6CC590037552C /* Book.h */ = {isa = PBXFileReference; fileEncoding = 4; lastKnownFileType = sourcecode.c.h; path = Book.h; sourceTree = "<group>"; };
		3A5DBA371CD6CC590037552C /* Book.m */ = {isa = PBXFileReference; fileEncoding = 4; lastKnownFileType = sourcecode.c.objc; path = Book.m; sourceTree = "<group>"; };
		3A5DBA391CD6CD670037552C /* GoodReads.h */ = {isa = PBXFileReference; fileEncoding = 4; lastKnownFileType = sourcecode.c.h; path = GoodReads.h; sourceTree = "<group>"; };
		3A5DBA3A1CD6CD670037552C /* GoodReads.m */ = {isa = PBXFileReference; fileEncoding = 4; lastKnownFileType = sourcecode.c.objc; path = GoodReads.m; sourceTree = "<group>"; };
		3A5DBA3C1CD78ED60037552C /* BookParserOperation.h */ = {isa = PBXFileReference; fileEncoding = 4; lastKnownFileType = sourcecode.c.h; path = BookParserOperation.h; sourceTree = "<group>"; };
		3A5DBA3D1CD78ED60037552C /* BookParserOperation.m */ = {isa = PBXFileReference; fileEncoding = 4; lastKnownFileType = sourcecode.c.objc; path = BookParserOperation.m; sourceTree = "<group>"; };
/* End PBXFileReference section */

/* Begin PBXFrameworksBuildPhase section */
		3A5DB9FA1CD6C67A0037552C /* Frameworks */ = {
			isa = PBXFrameworksBuildPhase;
			buildActionMask = 2147483647;
			files = (
			);
			runOnlyForDeploymentPostprocessing = 0;
		};
		3A5DBA161CD6C67B0037552C /* Frameworks */ = {
			isa = PBXFrameworksBuildPhase;
			buildActionMask = 2147483647;
			files = (
			);
			runOnlyForDeploymentPostprocessing = 0;
		};
		3A5DBA211CD6C67B0037552C /* Frameworks */ = {
			isa = PBXFrameworksBuildPhase;
			buildActionMask = 2147483647;
			files = (
			);
			runOnlyForDeploymentPostprocessing = 0;
		};
/* End PBXFrameworksBuildPhase section */

/* Begin PBXGroup section */
		3A5DB9F41CD6C67A0037552C = {
			isa = PBXGroup;
			children = (
				3A5DB9FF1CD6C67A0037552C /* SearchBooks */,
				3A5DBA1C1CD6C67B0037552C /* SearchBooksTests */,
				3A5DBA271CD6C67B0037552C /* SearchBooksUITests */,
				3A5DB9FE1CD6C67A0037552C /* Products */,
			);
			sourceTree = "<group>";
		};
		3A5DB9FE1CD6C67A0037552C /* Products */ = {
			isa = PBXGroup;
			children = (
				3A5DB9FD1CD6C67A0037552C /* SearchBooks.app */,
				3A5DBA191CD6C67B0037552C /* SearchBooksTests.xctest */,
				3A5DBA241CD6C67B0037552C /* SearchBooksUITests.xctest */,
			);
			name = Products;
			sourceTree = "<group>";
		};
		3A5DB9FF1CD6C67A0037552C /* SearchBooks */ = {
			isa = PBXGroup;
			children = (
				3A5DBA031CD6C67A0037552C /* AppDelegate.h */,
				3A5DBA041CD6C67A0037552C /* AppDelegate.m */,
				3A5DBA061CD6C67A0037552C /* MasterViewController.h */,
				3A5DBA071CD6C67A0037552C /* MasterViewController.m */,
				3A5DBA091CD6C67A0037552C /* BookDetailViewController.h */,
				3A5DBA0A1CD6C67A0037552C /* BookDetailViewController.m */,
				3A5DBA361CD6CC590037552C /* Book.h */,
				3A5DBA371CD6CC590037552C /* Book.m */,
				3A5DBA3C1CD78ED60037552C /* BookParserOperation.h */,
				3A5DBA3D1CD78ED60037552C /* BookParserOperation.m */,
				3A5DBA391CD6CD670037552C /* GoodReads.h */,
				3A5DBA3A1CD6CD670037552C /* GoodReads.m */,
				3A5DBA0C1CD6C67A0037552C /* Main.storyboard */,
				3A5DBA0F1CD6C67B0037552C /* Assets.xcassets */,
				3A5DBA111CD6C67B0037552C /* LaunchScreen.storyboard */,
				3A5DBA141CD6C67B0037552C /* Info.plist */,
				3A5DBA001CD6C67A0037552C /* Supporting Files */,
			);
			path = SearchBooks;
			sourceTree = "<group>";
		};
		3A5DBA001CD6C67A0037552C /* Supporting Files */ = {
			isa = PBXGroup;
			children = (
				3A5DBA011CD6C67A0037552C /* main.m */,
			);
			name = "Supporting Files";
			sourceTree = "<group>";
		};
		3A5DBA1C1CD6C67B0037552C /* SearchBooksTests */ = {
			isa = PBXGroup;
			children = (
				3A5DBA1D1CD6C67B0037552C /* SearchBooksTests.m */,
				3A5DBA1F1CD6C67B0037552C /* Info.plist */,
			);
			path = SearchBooksTests;
			sourceTree = "<group>";
		};
		3A5DBA271CD6C67B0037552C /* SearchBooksUITests */ = {
			isa = PBXGroup;
			children = (
				3A5DBA281CD6C67B0037552C /* SearchBooksUITests.m */,
				3A5DBA2A1CD6C67B0037552C /* Info.plist */,
			);
			path = SearchBooksUITests;
			sourceTree = "<group>";
		};
/* End PBXGroup section */

/* Begin PBXNativeTarget section */
		3A5DB9FC1CD6C67A0037552C /* SearchBooks */ = {
			isa = PBXNativeTarget;
			buildConfigurationList = 3A5DBA2D1CD6C67B0037552C /* Build configuration list for PBXNativeTarget "SearchBooks" */;
			buildPhases = (
				3A5DB9F91CD6C67A0037552C /* Sources */,
				3A5DB9FA1CD6C67A0037552C /* Frameworks */,
				3A5DB9FB1CD6C67A0037552C /* Resources */,
			);
			buildRules = (
			);
			dependencies = (
			);
			name = SearchBooks;
			productName = SearchBooks;
			productReference = 3A5DB9FD1CD6C67A0037552C /* SearchBooks.app */;
			productType = "com.apple.product-type.application";
		};
		3A5DBA181CD6C67B0037552C /* SearchBooksTests */ = {
			isa = PBXNativeTarget;
			buildConfigurationList = 3A5DBA301CD6C67B0037552C /* Build configuration list for PBXNativeTarget "SearchBooksTests" */;
			buildPhases = (
				3A5DBA151CD6C67B0037552C /* Sources */,
				3A5DBA161CD6C67B0037552C /* Frameworks */,
				3A5DBA171CD6C67B0037552C /* Resources */,
			);
			buildRules = (
			);
			dependencies = (
				3A5DBA1B1CD6C67B0037552C /* PBXTargetDependency */,
			);
			name = SearchBooksTests;
			productName = SearchBooksTests;
			productReference = 3A5DBA191CD6C67B0037552C /* SearchBooksTests.xctest */;
			productType = "com.apple.product-type.bundle.unit-test";
		};
		3A5DBA231CD6C67B0037552C /* SearchBooksUITests */ = {
			isa = PBXNativeTarget;
			buildConfigurationList = 3A5DBA331CD6C67B0037552C /* Build configuration list for PBXNativeTarget "SearchBooksUITests" */;
			buildPhases = (
				3A5DBA201CD6C67B0037552C /* Sources */,
				3A5DBA211CD6C67B0037552C /* Frameworks */,
				3A5DBA221CD6C67B0037552C /* Resources */,
			);
			buildRules = (
			);
			dependencies = (
				3A5DBA261CD6C67B0037552C /* PBXTargetDependency */,
			);
			name = SearchBooksUITests;
			productName = SearchBooksUITests;
			productReference = 3A5DBA241CD6C67B0037552C /* SearchBooksUITests.xctest */;
			productType = "com.apple.product-type.bundle.ui-testing";
		};
/* End PBXNativeTarget section */

/* Begin PBXProject section */
		3A5DB9F51CD6C67A0037552C /* Project object */ = {
			isa = PBXProject;
			attributes = {
				LastUpgradeCheck = 0730;
				ORGANIZATIONNAME = "Walter Fernandes de Carvalho";
				TargetAttributes = {
					3A5DB9FC1CD6C67A0037552C = {
						CreatedOnToolsVersion = 7.3;
					};
					3A5DBA181CD6C67B0037552C = {
						CreatedOnToolsVersion = 7.3;
						TestTargetID = 3A5DB9FC1CD6C67A0037552C;
					};
					3A5DBA231CD6C67B0037552C = {
						CreatedOnToolsVersion = 7.3;
						TestTargetID = 3A5DB9FC1CD6C67A0037552C;
					};
				};
			};
			buildConfigurationList = 3A5DB9F81CD6C67A0037552C /* Build configuration list for PBXProject "SearchBooks" */;
			compatibilityVersion = "Xcode 3.2";
			developmentRegion = English;
			hasScannedForEncodings = 0;
			knownRegions = (
				en,
				Base,
			);
			mainGroup = 3A5DB9F41CD6C67A0037552C;
			productRefGroup = 3A5DB9FE1CD6C67A0037552C /* Products */;
			projectDirPath = "";
			projectRoot = "";
			targets = (
				3A5DB9FC1CD6C67A0037552C /* SearchBooks */,
				3A5DBA181CD6C67B0037552C /* SearchBooksTests */,
				3A5DBA231CD6C67B0037552C /* SearchBooksUITests */,
			);
		};
/* End PBXProject section */

/* Begin PBXResourcesBuildPhase section */
		3A5DB9FB1CD6C67A0037552C /* Resources */ = {
			isa = PBXResourcesBuildPhase;
			buildActionMask = 2147483647;
			files = (
				3A5DBA131CD6C67B0037552C /* LaunchScreen.storyboard in Resources */,
				3A5DBA101CD6C67B0037552C /* Assets.xcassets in Resources */,
				3A5DBA0E1CD6C67B0037552C /* Main.storyboard in Resources */,
			);
			runOnlyForDeploymentPostprocessing = 0;
		};
		3A5DBA171CD6C67B0037552C /* Resources */ = {
			isa = PBXResourcesBuildPhase;
			buildActionMask = 2147483647;
			files = (
			);
			runOnlyForDeploymentPostprocessing = 0;
		};
		3A5DBA221CD6C67B0037552C /* Resources */ = {
			isa = PBXResourcesBuildPhase;
			buildActionMask = 2147483647;
			files = (
			);
			runOnlyForDeploymentPostprocessing = 0;
		};
/* End PBXResourcesBuildPhase section */

/* Begin PBXSourcesBuildPhase section */
		3A5DB9F91CD6C67A0037552C /* Sources */ = {
			isa = PBXSourcesBuildPhase;
			buildActionMask = 2147483647;
			files = (
				3A5DBA381CD6CC590037552C /* Book.m in Sources */,
				3A5DBA051CD6C67A0037552C /* AppDelegate.m in Sources */,
				3A5DBA3E1CD78ED60037552C /* BookParserOperation.m in Sources */,
				3A5DBA3B1CD6CD670037552C /* GoodReads.m in Sources */,
				3A5DBA081CD6C67A0037552C /* MasterViewController.m in Sources */,
				3A5DBA021CD6C67A0037552C /* main.m in Sources */,
				3A5DBA0B1CD6C67A0037552C /* BookDetailViewController.m in Sources */,
			);
			runOnlyForDeploymentPostprocessing = 0;
		};
		3A5DBA151CD6C67B0037552C /* Sources */ = {
			isa = PBXSourcesBuildPhase;
			buildActionMask = 2147483647;
			files = (
				3A5DBA1E1CD6C67B0037552C /* SearchBooksTests.m in Sources */,
			);
			runOnlyForDeploymentPostprocessing = 0;
		};
		3A5DBA201CD6C67B0037552C /* Sources */ = {
			isa = PBXSourcesBuildPhase;
			buildActionMask = 2147483647;
			files = (
				3A5DBA291CD6C67B0037552C /* SearchBooksUITests.m in Sources */,
			);
			runOnlyForDeploymentPostprocessing = 0;
		};
/* End PBXSourcesBuildPhase section */

/* Begin PBXTargetDependency section */
		3A5DBA1B1CD6C67B0037552C /* PBXTargetDependency */ = {
			isa = PBXTargetDependency;
			target = 3A5DB9FC1CD6C67A0037552C /* SearchBooks */;
			targetProxy = 3A5DBA1A1CD6C67B0037552C /* PBXContainerItemProxy */;
		};
		3A5DBA261CD6C67B0037552C /* PBXTargetDependency */ = {
			isa = PBXTargetDependency;
			target = 3A5DB9FC1CD6C67A0037552C /* SearchBooks */;
			targetProxy = 3A5DBA251CD6C67B0037552C /* PBXContainerItemProxy */;
		};
/* End PBXTargetDependency section */

/* Begin PBXVariantGroup section */
		3A5DBA0C1CD6C67A0037552C /* Main.storyboard */ = {
			isa = PBXVariantGroup;
			children = (
				3A5DBA0D1CD6C67B0037552C /* Base */,
			);
			name = Main.storyboard;
			sourceTree = "<group>";
		};
		3A5DBA111CD6C67B0037552C /* LaunchScreen.storyboard */ = {
			isa = PBXVariantGroup;
			children = (
				3A5DBA121CD6C67B0037552C /* Base */,
			);
			name = LaunchScreen.storyboard;
			sourceTree = "<group>";
		};
/* End PBXVariantGroup section */

/* Begin XCBuildConfiguration section */
		3A5DBA2B1CD6C67B0037552C /* Debug */ = {
			isa = XCBuildConfiguration;
			buildSettings = {
				ALWAYS_SEARCH_USER_PATHS = NO;
				CLANG_ANALYZER_NONNULL = YES;
				CLANG_CXX_LANGUAGE_STANDARD = "gnu++0x";
				CLANG_CXX_LIBRARY = "libc++";
				CLANG_ENABLE_MODULES = YES;
				CLANG_ENABLE_OBJC_ARC = YES;
				CLANG_WARN_BOOL_CONVERSION = YES;
				CLANG_WARN_CONSTANT_CONVERSION = YES;
				CLANG_WARN_DIRECT_OBJC_ISA_USAGE = YES_ERROR;
				CLANG_WARN_EMPTY_BODY = YES;
				CLANG_WARN_ENUM_CONVERSION = YES;
				CLANG_WARN_INT_CONVERSION = YES;
				CLANG_WARN_OBJC_ROOT_CLASS = YES_ERROR;
				CLANG_WARN_UNREACHABLE_CODE = YES;
				CLANG_WARN__DUPLICATE_METHOD_MATCH = YES;
				"CODE_SIGN_IDENTITY[sdk=iphoneos*]" = "iPhone Developer";
				COPY_PHASE_STRIP = NO;
				DEBUG_INFORMATION_FORMAT = dwarf;
				ENABLE_STRICT_OBJC_MSGSEND = YES;
				ENABLE_TESTABILITY = YES;
				GCC_C_LANGUAGE_STANDARD = gnu99;
				GCC_DYNAMIC_NO_PIC = NO;
				GCC_NO_COMMON_BLOCKS = YES;
				GCC_OPTIMIZATION_LEVEL = 0;
				GCC_PREPROCESSOR_DEFINITIONS = (
					"DEBUG=1",
					"$(inherited)",
				);
				GCC_WARN_64_TO_32_BIT_CONVERSION = YES;
				GCC_WARN_ABOUT_RETURN_TYPE = YES_ERROR;
				GCC_WARN_UNDECLARED_SELECTOR = YES;
				GCC_WARN_UNINITIALIZED_AUTOS = YES_AGGRESSIVE;
				GCC_WARN_UNUSED_FUNCTION = YES;
				GCC_WARN_UNUSED_VARIABLE = YES;
				IPHONEOS_DEPLOYMENT_TARGET = 9.3;
				MTL_ENABLE_DEBUG_INFO = YES;
				ONLY_ACTIVE_ARCH = YES;
				SDKROOT = iphoneos;
				TARGETED_DEVICE_FAMILY = "1,2";
			};
			name = Debug;
		};
		3A5DBA2C1CD6C67B0037552C /* Release */ = {
			isa = XCBuildConfiguration;
			buildSettings = {
				ALWAYS_SEARCH_USER_PATHS = NO;
				CLANG_ANALYZER_NONNULL = YES;
				CLANG_CXX_LANGUAGE_STANDARD = "gnu++0x";
				CLANG_CXX_LIBRARY = "libc++";
				CLANG_ENABLE_MODULES = YES;
				CLANG_ENABLE_OBJC_ARC = YES;
				CLANG_WARN_BOOL_CONVERSION = YES;
				CLANG_WARN_CONSTANT_CONVERSION = YES;
				CLANG_WARN_DIRECT_OBJC_ISA_USAGE = YES_ERROR;
				CLANG_WARN_EMPTY_BODY = YES;
				CLANG_WARN_ENUM_CONVERSION = YES;
				CLANG_WARN_INT_CONVERSION = YES;
				CLANG_WARN_OBJC_ROOT_CLASS = YES_ERROR;
				CLANG_WARN_UNREACHABLE_CODE = YES;
				CLANG_WARN__DUPLICATE_METHOD_MATCH = YES;
				"CODE_SIGN_IDENTITY[sdk=iphoneos*]" = "iPhone Developer";
				COPY_PHASE_STRIP = NO;
				DEBUG_INFORMATION_FORMAT = "dwarf-with-dsym";
				ENABLE_NS_ASSERTIONS = NO;
				ENABLE_STRICT_OBJC_MSGSEND = YES;
				GCC_C_LANGUAGE_STANDARD = gnu99;
				GCC_NO_COMMON_BLOCKS = YES;
				GCC_WARN_64_TO_32_BIT_CONVERSION = YES;
				GCC_WARN_ABOUT_RETURN_TYPE = YES_ERROR;
				GCC_WARN_UNDECLARED_SELECTOR = YES;
				GCC_WARN_UNINITIALIZED_AUTOS = YES_AGGRESSIVE;
				GCC_WARN_UNUSED_FUNCTION = YES;
				GCC_WARN_UNUSED_VARIABLE = YES;
				IPHONEOS_DEPLOYMENT_TARGET = 9.3;
				MTL_ENABLE_DEBUG_INFO = NO;
				SDKROOT = iphoneos;
				TARGETED_DEVICE_FAMILY = "1,2";
				VALIDATE_PRODUCT = YES;
			};
			name = Release;
		};
		3A5DBA2E1CD6C67B0037552C /* Debug */ = {
			isa = XCBuildConfiguration;
			buildSettings = {
				ASSETCATALOG_COMPILER_APPICON_NAME = AppIcon;
				INFOPLIST_FILE = SearchBooks/Info.plist;
				IPHONEOS_DEPLOYMENT_TARGET = 8.0;
				LD_RUNPATH_SEARCH_PATHS = "$(inherited) @executable_path/Frameworks";
				PRODUCT_BUNDLE_IDENTIFIER = com.SearchBooks;
				PRODUCT_NAME = "$(TARGET_NAME)";
			};
			name = Debug;
		};
		3A5DBA2F1CD6C67B0037552C /* Release */ = {
			isa = XCBuildConfiguration;
			buildSettings = {
				ASSETCATALOG_COMPILER_APPICON_NAME = AppIcon;
				INFOPLIST_FILE = SearchBooks/Info.plist;
				IPHONEOS_DEPLOYMENT_TARGET = 8.0;
				LD_RUNPATH_SEARCH_PATHS = "$(inherited) @executable_path/Frameworks";
				PRODUCT_BUNDLE_IDENTIFIER = com.SearchBooks;
				PRODUCT_NAME = "$(TARGET_NAME)";
			};
			name = Release;
		};
		3A5DBA311CD6C67B0037552C /* Debug */ = {
			isa = XCBuildConfiguration;
			buildSettings = {
				BUNDLE_LOADER = "$(TEST_HOST)";
				INFOPLIST_FILE = SearchBooksTests/Info.plist;
				LD_RUNPATH_SEARCH_PATHS = "$(inherited) @executable_path/Frameworks @loader_path/Frameworks";
				PRODUCT_BUNDLE_IDENTIFIER = com.SearchBooksTests;
				PRODUCT_NAME = "$(TARGET_NAME)";
				TEST_HOST = "$(BUILT_PRODUCTS_DIR)/SearchBooks.app/SearchBooks";
			};
			name = Debug;
		};
		3A5DBA321CD6C67B0037552C /* Release */ = {
			isa = XCBuildConfiguration;
			buildSettings = {
				BUNDLE_LOADER = "$(TEST_HOST)";
				INFOPLIST_FILE = SearchBooksTests/Info.plist;
				LD_RUNPATH_SEARCH_PATHS = "$(inherited) @executable_path/Frameworks @loader_path/Frameworks";
				PRODUCT_BUNDLE_IDENTIFIER = com.SearchBooksTests;
				PRODUCT_NAME = "$(TARGET_NAME)";
				TEST_HOST = "$(BUILT_PRODUCTS_DIR)/SearchBooks.app/SearchBooks";
			};
			name = Release;
		};
		3A5DBA341CD6C67B0037552C /* Debug */ = {
			isa = XCBuildConfiguration;
			buildSettings = {
				INFOPLIST_FILE = SearchBooksUITests/Info.plist;
				LD_RUNPATH_SEARCH_PATHS = "$(inherited) @executable_path/Frameworks @loader_path/Frameworks";
				PRODUCT_BUNDLE_IDENTIFIER = com.SearchBooksUITests;
				PRODUCT_NAME = "$(TARGET_NAME)";
				TEST_TARGET_NAME = SearchBooks;
			};
			name = Debug;
		};
		3A5DBA351CD6C67B0037552C /* Release */ = {
			isa = XCBuildConfiguration;
			buildSettings = {
				INFOPLIST_FILE = SearchBooksUITests/Info.plist;
				LD_RUNPATH_SEARCH_PATHS = "$(inherited) @executable_path/Frameworks @loader_path/Frameworks";
				PRODUCT_BUNDLE_IDENTIFIER = com.SearchBooksUITests;
				PRODUCT_NAME = "$(TARGET_NAME)";
				TEST_TARGET_NAME = SearchBooks;
			};
			name = Release;
		};
/* End XCBuildConfiguration section */

/* Begin XCConfigurationList section */
		3A5DB9F81CD6C67A0037552C /* Build configuration list for PBXProject "SearchBooks" */ = {
			isa = XCConfigurationList;
			buildConfigurations = (
				3A5DBA2B1CD6C67B0037552C /* Debug */,
				3A5DBA2C1CD6C67B0037552C /* Release */,
			);
			defaultConfigurationIsVisible = 0;
			defaultConfigurationName = Release;
		};
		3A5DBA2D1CD6C67B0037552C /* Build configuration list for PBXNativeTarget "SearchBooks" */ = {
			isa = XCConfigurationList;
			buildConfigurations = (
				3A5DBA2E1CD6C67B0037552C /* Debug */,
				3A5DBA2F1CD6C67B0037552C /* Release */,
			);
			defaultConfigurationIsVisible = 0;
		};
		3A5DBA301CD6C67B0037552C /* Build configuration list for PBXNativeTarget "SearchBooksTests" */ = {
			isa = XCConfigurationList;
			buildConfigurations = (
				3A5DBA311CD6C67B0037552C /* Debug */,
				3A5DBA321CD6C67B0037552C /* Release */,
			);
			defaultConfigurationIsVisible = 0;
		};
		3A5DBA331CD6C67B0037552C /* Build configuration list for PBXNativeTarget "SearchBooksUITests" */ = {
			isa = XCConfigurationList;
			buildConfigurations = (
				3A5DBA341CD6C67B0037552C /* Debug */,
				3A5DBA351CD6C67B0037552C /* Release */,
			);
			defaultConfigurationIsVisible = 0;
		};
/* End XCConfigurationList section */
	};
	rootObject = 3A5DB9F51CD6C67A0037552C /* Project object */;
}
